
Microsoft Visual Studio Solution File, Format Version 12.00
# Visual Studio Version 17
VisualStudioVersion = 17.0.31903.59
MinimumVisualStudioVersion = 10.0.40219.1
Project("{2150E333-8FDC-42A3-9474-1A3956D46DE8}") = "src", "src", "{D96AA771-C207-4345-8C8B-1B4A184E41AE}"
EndProject
Project("{2150E333-8FDC-42A3-9474-1A3956D46DE8}") = "Api", "Api", "{6BD88364-11FF-4E95-AC7F-438F9FB60B0D}"
EndProject
Project("{2150E333-8FDC-42A3-9474-1A3956D46DE8}") = "Core", "Core", "{B461DB45-A786-4455-B476-693B41FD98DB}"
EndProject
Project("{2150E333-8FDC-42A3-9474-1A3956D46DE8}") = "Infrastructure", "Infrastructure", "{972D432C-44CA-46C6-A891-69F142F16BC4}"
EndProject
Project("{2150E333-8FDC-42A3-9474-1A3956D46DE8}") = "Utility", "Utility", "{9D4536D7-F400-4746-8E1D-015636E59EAD}"
EndProject
Project("{FAE04EC0-301F-11D3-BF4B-00C04F79EFBC}") = "Web.Api", "Web.Api\Web.Api.csproj", "{A99C2B2E-E979-4D8F-B563-4C08EDE27E79}"
EndProject
Project("{FAE04EC0-301F-11D3-BF4B-00C04F79EFBC}") = "Application", "Application\Application.csproj", "{ADD00240-ADF1-4952-A251-E3CCFC86D825}"
EndProject
Project("{FAE04EC0-301F-11D3-BF4B-00C04F79EFBC}") = "Domain", "Domain\Domain.csproj", "{F2C183CC-20A0-4965-95FE-B23E5807A2FE}"
EndProject
Project("{FAE04EC0-301F-11D3-BF4B-00C04F79EFBC}") = "InfrastructureServices", "InfrastructureServices\InfrastructureServices.csproj", "{CD2B3208-79CB-4451-8C47-784B851B7743}"
EndProject
Project("{FAE04EC0-301F-11D3-BF4B-00C04F79EFBC}") = "Persistence", "Persistence\Persistence.csproj", "{CD007CEF-F3D2-4E2B-98A6-B033F0B43063}"
EndProject
Project("{FAE04EC0-301F-11D3-BF4B-00C04F79EFBC}") = "Utils", "Utils\Utils.csproj", "{243F6C04-F19F-4450-BB0A-3E595F7F4189}"
EndProject
Project("{FAE04EC0-301F-11D3-BF4B-00C04F79EFBC}") = "Identity", "Identity\Identity.csproj", "{0035C7D9-40BB-4EF7-9330-392FD49D2A2C}"
EndProject
Global
	GlobalSection(SolutionConfigurationPlatforms) = preSolution
		Debug|Any CPU = Debug|Any CPU
		Release|Any CPU = Release|Any CPU
	EndGlobalSection
	GlobalSection(SolutionProperties) = preSolution
		HideSolutionNode = FALSE
	EndGlobalSection
	GlobalSection(NestedProjects) = preSolution
		{6BD88364-11FF-4E95-AC7F-438F9FB60B0D} = {D96AA771-C207-4345-8C8B-1B4A184E41AE}
		{B461DB45-A786-4455-B476-693B41FD98DB} = {D96AA771-C207-4345-8C8B-1B4A184E41AE}
		{972D432C-44CA-46C6-A891-69F142F16BC4} = {D96AA771-C207-4345-8C8B-1B4A184E41AE}
		{9D4536D7-F400-4746-8E1D-015636E59EAD} = {D96AA771-C207-4345-8C8B-1B4A184E41AE}
		{A99C2B2E-E979-4D8F-B563-4C08EDE27E79} = {6BD88364-11FF-4E95-AC7F-438F9FB60B0D}
		{ADD00240-ADF1-4952-A251-E3CCFC86D825} = {B461DB45-A786-4455-B476-693B41FD98DB}
		{F2C183CC-20A0-4965-95FE-B23E5807A2FE} = {B461DB45-A786-4455-B476-693B41FD98DB}
		{CD2B3208-79CB-4451-8C47-784B851B7743} = {972D432C-44CA-46C6-A891-69F142F16BC4}
		{CD007CEF-F3D2-4E2B-98A6-B033F0B43063} = {972D432C-44CA-46C6-A891-69F142F16BC4}
		{243F6C04-F19F-4450-BB0A-3E595F7F4189} = {9D4536D7-F400-4746-8E1D-015636E59EAD}
		{0035C7D9-40BB-4EF7-9330-392FD49D2A2C} = {972D432C-44CA-46C6-A891-69F142F16BC4}
	EndGlobalSection
	GlobalSection(ProjectConfigurationPlatforms) = postSolution
		{A99C2B2E-E979-4D8F-B563-4C08EDE27E79}.Debug|Any CPU.ActiveCfg = Debug|Any CPU
		{A99C2B2E-E979-4D8F-B563-4C08EDE27E79}.Debug|Any CPU.Build.0 = Debug|Any CPU
		{A99C2B2E-E979-4D8F-B563-4C08EDE27E79}.Release|Any CPU.ActiveCfg = Release|Any CPU
		{A99C2B2E-E979-4D8F-B563-4C08EDE27E79}.Release|Any CPU.Build.0 = Release|Any CPU
		{ADD00240-ADF1-4952-A251-E3CCFC86D825}.Debug|Any CPU.ActiveCfg = Debug|Any CPU
		{ADD00240-ADF1-4952-A251-E3CCFC86D825}.Debug|Any CPU.Build.0 = Debug|Any CPU
		{ADD00240-ADF1-4952-A251-E3CCFC86D825}.Release|Any CPU.ActiveCfg = Release|Any CPU
		{ADD00240-ADF1-4952-A251-E3CCFC86D825}.Release|Any CPU.Build.0 = Release|Any CPU
		{F2C183CC-20A0-4965-95FE-B23E5807A2FE}.Debug|Any CPU.ActiveCfg = Debug|Any CPU
		{F2C183CC-20A0-4965-95FE-B23E5807A2FE}.Debug|Any CPU.Build.0 = Debug|Any CPU
		{F2C183CC-20A0-4965-95FE-B23E5807A2FE}.Release|Any CPU.ActiveCfg = Release|Any CPU
		{F2C183CC-20A0-4965-95FE-B23E5807A2FE}.Release|Any CPU.Build.0 = Release|Any CPU
		{CD2B3208-79CB-4451-8C47-784B851B7743}.Debug|Any CPU.ActiveCfg = Debug|Any CPU
		{CD2B3208-79CB-4451-8C47-784B851B7743}.Debug|Any CPU.Build.0 = Debug|Any CPU
		{CD2B3208-79CB-4451-8C47-784B851B7743}.Release|Any CPU.ActiveCfg = Release|Any CPU
		{CD2B3208-79CB-4451-8C47-784B851B7743}.Release|Any CPU.Build.0 = Release|Any CPU
		{CD007CEF-F3D2-4E2B-98A6-B033F0B43063}.Debug|Any CPU.ActiveCfg = Debug|Any CPU
		{CD007CEF-F3D2-4E2B-98A6-B033F0B43063}.Debug|Any CPU.Build.0 = Debug|Any CPU
		{CD007CEF-F3D2-4E2B-98A6-B033F0B43063}.Release|Any CPU.ActiveCfg = Release|Any CPU
		{CD007CEF-F3D2-4E2B-98A6-B033F0B43063}.Release|Any CPU.Build.0 = Release|Any CPU
		{243F6C04-F19F-4450-BB0A-3E595F7F4189}.Debug|Any CPU.ActiveCfg = Debug|Any CPU
		{243F6C04-F19F-4450-BB0A-3E595F7F4189}.Debug|Any CPU.Build.0 = Debug|Any CPU
		{243F6C04-F19F-4450-BB0A-3E595F7F4189}.Release|Any CPU.ActiveCfg = Release|Any CPU
		{243F6C04-F19F-4450-BB0A-3E595F7F4189}.Release|Any CPU.Build.0 = Release|Any CPU
		{0035C7D9-40BB-4EF7-9330-392FD49D2A2C}.Debug|Any CPU.ActiveCfg = Debug|Any CPU
		{0035C7D9-40BB-4EF7-9330-392FD49D2A2C}.Debug|Any CPU.Build.0 = Debug|Any CPU
		{0035C7D9-40BB-4EF7-9330-392FD49D2A2C}.Release|Any CPU.ActiveCfg = Release|Any CPU
		{0035C7D9-40BB-4EF7-9330-392FD49D2A2C}.Release|Any CPU.Build.0 = Release|Any CPU
	EndGlobalSection
EndGlobal
